
Microsoft Visual Studio Solution File, Format Version 12.00
# Visual Studio Version 17
VisualStudioVersion = 17.5.33424.131
MinimumVisualStudioVersion = 10.0.40219.1
Project("{9A19103F-16F7-4668-BE54-9A1E7A4F7556}") = "Command", "Command\Command.csproj", "{38A4D94B-8195-40CD-82F5-2D2107F16F04}"
EndProject
Project("{2150E333-8FDC-42A3-9474-1A3956D46DE8}") = "1-Creational-5", "1-Creational-5", "{1A3D3C09-8008-4C14-A1F7-F357F725C0A7}"
EndProject
Project("{2150E333-8FDC-42A3-9474-1A3956D46DE8}") = "2-Structural-7", "2-Structural-7", "{36C2A7D1-092E-4656-BD93-A16E40E337C0}"
EndProject
Project("{2150E333-8FDC-42A3-9474-1A3956D46DE8}") = "3-Behaviroal-11", "3-Behaviroal-11", "{2FDFAABF-C366-49B9-9553-CEB614FC0A84}"
EndProject
Project("{9A19103F-16F7-4668-BE54-9A1E7A4F7556}") = "Facade", "Facade\Facade.csproj", "{9E3CB668-FA57-48AD-BB75-2FC5958D25B2}"
EndProject
Project("{2150E333-8FDC-42A3-9474-1A3956D46DE8}") = "Command", "Command", "{C1704589-79F0-456C-9093-9A7A82B6ACB4}"
EndProject
Project("{2150E333-8FDC-42A3-9474-1A3956D46DE8}") = "Memento", "Memento", "{21164E89-38DB-4BD8-B170-0185B1ACCEEF}"
EndProject
Project("{9A19103F-16F7-4668-BE54-9A1E7A4F7556}") = "Memonto", "Memonto\Memonto.csproj", "{B696B977-070A-41BB-A466-2374A6BF41B7}"
EndProject
Project("{9A19103F-16F7-4668-BE54-9A1E7A4F7556}") = "CommandTests", "CommandTests\CommandTests.csproj", "{6FB008A4-1E60-488E-A48C-A7E829856EF1}"
EndProject
Project("{2150E333-8FDC-42A3-9474-1A3956D46DE8}") = "Mediator", "Mediator", "{A068D701-3473-4E10-AF4B-A105515035EA}"
EndProject
Project("{FAE04EC0-301F-11D3-BF4B-00C04F79EFBC}") = "ChatRoom", "ChatRoom\ChatRoom.csproj", "{1E02255D-0D4C-4D90-B95A-CF816EAAA81C}"
EndProject
Project("{FAE04EC0-301F-11D3-BF4B-00C04F79EFBC}") = "ChatRoomTests", "ChatRoomTests\ChatRoomTests.csproj", "{F7BCB93E-AB5A-46FF-9DA4-60F7C058EDDC}"
EndProject
Global
	GlobalSection(SolutionConfigurationPlatforms) = preSolution
		Debug|Any CPU = Debug|Any CPU
		Release|Any CPU = Release|Any CPU
	EndGlobalSection
	GlobalSection(ProjectConfigurationPlatforms) = postSolution
		{38A4D94B-8195-40CD-82F5-2D2107F16F04}.Debug|Any CPU.ActiveCfg = Debug|Any CPU
		{38A4D94B-8195-40CD-82F5-2D2107F16F04}.Debug|Any CPU.Build.0 = Debug|Any CPU
		{38A4D94B-8195-40CD-82F5-2D2107F16F04}.Release|Any CPU.ActiveCfg = Release|Any CPU
		{38A4D94B-8195-40CD-82F5-2D2107F16F04}.Release|Any CPU.Build.0 = Release|Any CPU
		{9E3CB668-FA57-48AD-BB75-2FC5958D25B2}.Debug|Any CPU.ActiveCfg = Debug|Any CPU
		{9E3CB668-FA57-48AD-BB75-2FC5958D25B2}.Debug|Any CPU.Build.0 = Debug|Any CPU
		{9E3CB668-FA57-48AD-BB75-2FC5958D25B2}.Release|Any CPU.ActiveCfg = Release|Any CPU
		{9E3CB668-FA57-48AD-BB75-2FC5958D25B2}.Release|Any CPU.Build.0 = Release|Any CPU
		{B696B977-070A-41BB-A466-2374A6BF41B7}.Debug|Any CPU.ActiveCfg = Debug|Any CPU
		{B696B977-070A-41BB-A466-2374A6BF41B7}.Debug|Any CPU.Build.0 = Debug|Any CPU
		{B696B977-070A-41BB-A466-2374A6BF41B7}.Release|Any CPU.ActiveCfg = Release|Any CPU
		{B696B977-070A-41BB-A466-2374A6BF41B7}.Release|Any CPU.Build.0 = Release|Any CPU
		{6FB008A4-1E60-488E-A48C-A7E829856EF1}.Debug|Any CPU.ActiveCfg = Debug|Any CPU
		{6FB008A4-1E60-488E-A48C-A7E829856EF1}.Debug|Any CPU.Build.0 = Debug|Any CPU
		{6FB008A4-1E60-488E-A48C-A7E829856EF1}.Release|Any CPU.ActiveCfg = Release|Any CPU
		{6FB008A4-1E60-488E-A48C-A7E829856EF1}.Release|Any CPU.Build.0 = Release|Any CPU
		{1E02255D-0D4C-4D90-B95A-CF816EAAA81C}.Debug|Any CPU.ActiveCfg = Debug|Any CPU
		{1E02255D-0D4C-4D90-B95A-CF816EAAA81C}.Debug|Any CPU.Build.0 = Debug|Any CPU
		{1E02255D-0D4C-4D90-B95A-CF816EAAA81C}.Release|Any CPU.ActiveCfg = Release|Any CPU
		{1E02255D-0D4C-4D90-B95A-CF816EAAA81C}.Release|Any CPU.Build.0 = Release|Any CPU
		{F7BCB93E-AB5A-46FF-9DA4-60F7C058EDDC}.Debug|Any CPU.ActiveCfg = Debug|Any CPU
		{F7BCB93E-AB5A-46FF-9DA4-60F7C058EDDC}.Debug|Any CPU.Build.0 = Debug|Any CPU
		{F7BCB93E-AB5A-46FF-9DA4-60F7C058EDDC}.Release|Any CPU.ActiveCfg = Release|Any CPU
		{F7BCB93E-AB5A-46FF-9DA4-60F7C058EDDC}.Release|Any CPU.Build.0 = Release|Any CPU
	EndGlobalSection
	GlobalSection(SolutionProperties) = preSolution
		HideSolutionNode = FALSE
	EndGlobalSection
	GlobalSection(NestedProjects) = preSolution
		{38A4D94B-8195-40CD-82F5-2D2107F16F04} = {C1704589-79F0-456C-9093-9A7A82B6ACB4}
		{9E3CB668-FA57-48AD-BB75-2FC5958D25B2} = {36C2A7D1-092E-4656-BD93-A16E40E337C0}
		{C1704589-79F0-456C-9093-9A7A82B6ACB4} = {2FDFAABF-C366-49B9-9553-CEB614FC0A84}
		{21164E89-38DB-4BD8-B170-0185B1ACCEEF} = {2FDFAABF-C366-49B9-9553-CEB614FC0A84}
		{B696B977-070A-41BB-A466-2374A6BF41B7} = {21164E89-38DB-4BD8-B170-0185B1ACCEEF}
		{6FB008A4-1E60-488E-A48C-A7E829856EF1} = {C1704589-79F0-456C-9093-9A7A82B6ACB4}
		{A068D701-3473-4E10-AF4B-A105515035EA} = {2FDFAABF-C366-49B9-9553-CEB614FC0A84}
		{1E02255D-0D4C-4D90-B95A-CF816EAAA81C} = {A068D701-3473-4E10-AF4B-A105515035EA}
		{F7BCB93E-AB5A-46FF-9DA4-60F7C058EDDC} = {A068D701-3473-4E10-AF4B-A105515035EA}
	EndGlobalSection
	GlobalSection(ExtensibilityGlobals) = postSolution
		SolutionGuid = {D3EB1F4F-15F6-4440-8D8F-A5199D3ABF58}
	EndGlobalSection
EndGlobal
